
Microsoft Visual Studio Solution File, Format Version 12.00
# Visual Studio 15
VisualStudioVersion = 15.0.28010.2046
MinimumVisualStudioVersion = 10.0.40219.1
Project("{FAE04EC0-301F-11D3-BF4B-00C04F79EFBC}") = "Task1", "Task1\Task1.csproj", "{DCD55549-A353-4D7A-84BC-B6D0952547D9}"
EndProject
Project("{FAE04EC0-301F-11D3-BF4B-00C04F79EFBC}") = "Task2", "Task2\Task2.csproj", "{9801827A-9A2A-4E52-B265-33CA3C73C27F}"
EndProject
Project("{FAE04EC0-301F-11D3-BF4B-00C04F79EFBC}") = "Task3", "Task3\Task3.csproj", "{C176D2F9-75DD-4878-8692-4E2645D51A53}"
EndProject
Project("{FAE04EC0-301F-11D3-BF4B-00C04F79EFBC}") = "Task4", "Task4\Task4.csproj", "{38DE824E-669D-4C64-B345-A7302894A460}"
EndProject
Project("{FAE04EC0-301F-11D3-BF4B-00C04F79EFBC}") = "Task5", "Task5\Task5.csproj", "{C0F5749F-10A8-41E2-807A-0CE82487ABAF}"
EndProject
Project("{FAE04EC0-301F-11D3-BF4B-00C04F79EFBC}") = "Task6", "Task6\Task6.csproj", "{380A11AE-C8A9-4220-8725-649CF9F7B1EF}"
EndProject
Project("{FAE04EC0-301F-11D3-BF4B-00C04F79EFBC}") = "Task7", "Task7\Task7.csproj", "{091F9829-4AE5-4511-AF1E-19D9E98A89AB}"
EndProject
Project("{FAE04EC0-301F-11D3-BF4B-00C04F79EFBC}") = "Task8", "Task8\Task8.csproj", "{B676BB28-7068-4D9F-B9AB-BC26938F45E7}"
EndProject
Project("{FAE04EC0-301F-11D3-BF4B-00C04F79EFBC}") = "Task9", "Task9\Task9.csproj", "{26AE1E33-22B9-4FCC-8C79-7FCE01033442}"
EndProject
Project("{FAE04EC0-301F-11D3-BF4B-00C04F79EFBC}") = "Task10", "Task10\Task10.csproj", "{9E65FEA3-D7D2-42A1-A985-F244C230660F}"
EndProject
Project("{FAE04EC0-301F-11D3-BF4B-00C04F79EFBC}") = "Task11", "Task11\Task11.csproj", "{4C93689E-9A28-4DBA-B7F1-A19BA665F14C}"
EndProject
Project("{FAE04EC0-301F-11D3-BF4B-00C04F79EFBC}") = "Task12", "Task12\Task12.csproj", "{215362FA-7A00-4283-A55F-DCC2457DF8DD}"
EndProject
Project("{FAE04EC0-301F-11D3-BF4B-00C04F79EFBC}") = "Task13", "Task13\Task13.csproj", "{80377786-5777-47EC-B292-7F054FF62A75}"
EndProject
Project("{FAE04EC0-301F-11D3-BF4B-00C04F79EFBC}") = "Task14", "Task14\Task14.csproj", "{E4209239-8814-438E-A425-EC0E3CCBD885}"
EndProject
Project("{FAE04EC0-301F-11D3-BF4B-00C04F79EFBC}") = "Task15", "Task15\Task15.csproj", "{7C0E492F-0483-4C7F-A6B6-69D58DD6884B}"
EndProject
Project("{FAE04EC0-301F-11D3-BF4B-00C04F79EFBC}") = "Task16", "Task16\Task16.csproj", "{7DF01D06-A733-42B4-8ADF-CD338B0CB658}"
EndProject
Project("{FAE04EC0-301F-11D3-BF4B-00C04F79EFBC}") = "Task17", "Task17\Task17.csproj", "{6D997D4E-DEA7-4696-A28B-C02F2BCF846C}"
EndProject
Project("{FAE04EC0-301F-11D3-BF4B-00C04F79EFBC}") = "Task18", "Task18\Task18.csproj", "{6EB16BBF-D2EB-4E8F-9C57-AD7FE9DD7E0D}"
EndProject
Project("{FAE04EC0-301F-11D3-BF4B-00C04F79EFBC}") = "Task19", "Task19\Task19.csproj", "{090198A6-FACF-4567-BE3F-C05C079897F6}"
EndProject
Global
	GlobalSection(SolutionConfigurationPlatforms) = preSolution
		Debug|Any CPU = Debug|Any CPU
		Release|Any CPU = Release|Any CPU
	EndGlobalSection
	GlobalSection(ProjectConfigurationPlatforms) = postSolution
		{DCD55549-A353-4D7A-84BC-B6D0952547D9}.Debug|Any CPU.ActiveCfg = Debug|Any CPU
		{DCD55549-A353-4D7A-84BC-B6D0952547D9}.Debug|Any CPU.Build.0 = Debug|Any CPU
		{DCD55549-A353-4D7A-84BC-B6D0952547D9}.Release|Any CPU.ActiveCfg = Release|Any CPU
		{DCD55549-A353-4D7A-84BC-B6D0952547D9}.Release|Any CPU.Build.0 = Release|Any CPU
		{9801827A-9A2A-4E52-B265-33CA3C73C27F}.Debug|Any CPU.ActiveCfg = Debug|Any CPU
		{9801827A-9A2A-4E52-B265-33CA3C73C27F}.Debug|Any CPU.Build.0 = Debug|Any CPU
		{9801827A-9A2A-4E52-B265-33CA3C73C27F}.Release|Any CPU.ActiveCfg = Release|Any CPU
		{9801827A-9A2A-4E52-B265-33CA3C73C27F}.Release|Any CPU.Build.0 = Release|Any CPU
		{C176D2F9-75DD-4878-8692-4E2645D51A53}.Debug|Any CPU.ActiveCfg = Debug|Any CPU
		{C176D2F9-75DD-4878-8692-4E2645D51A53}.Debug|Any CPU.Build.0 = Debug|Any CPU
		{C176D2F9-75DD-4878-8692-4E2645D51A53}.Release|Any CPU.ActiveCfg = Release|Any CPU
		{C176D2F9-75DD-4878-8692-4E2645D51A53}.Release|Any CPU.Build.0 = Release|Any CPU
		{38DE824E-669D-4C64-B345-A7302894A460}.Debug|Any CPU.ActiveCfg = Debug|Any CPU
		{38DE824E-669D-4C64-B345-A7302894A460}.Debug|Any CPU.Build.0 = Debug|Any CPU
		{38DE824E-669D-4C64-B345-A7302894A460}.Release|Any CPU.ActiveCfg = Release|Any CPU
		{38DE824E-669D-4C64-B345-A7302894A460}.Release|Any CPU.Build.0 = Release|Any CPU
		{C0F5749F-10A8-41E2-807A-0CE82487ABAF}.Debug|Any CPU.ActiveCfg = Debug|Any CPU
		{C0F5749F-10A8-41E2-807A-0CE82487ABAF}.Debug|Any CPU.Build.0 = Debug|Any CPU
		{C0F5749F-10A8-41E2-807A-0CE82487ABAF}.Release|Any CPU.ActiveCfg = Release|Any CPU
		{C0F5749F-10A8-41E2-807A-0CE82487ABAF}.Release|Any CPU.Build.0 = Release|Any CPU
		{380A11AE-C8A9-4220-8725-649CF9F7B1EF}.Debug|Any CPU.ActiveCfg = Debug|Any CPU
		{380A11AE-C8A9-4220-8725-649CF9F7B1EF}.Debug|Any CPU.Build.0 = Debug|Any CPU
		{380A11AE-C8A9-4220-8725-649CF9F7B1EF}.Release|Any CPU.ActiveCfg = Release|Any CPU
		{380A11AE-C8A9-4220-8725-649CF9F7B1EF}.Release|Any CPU.Build.0 = Release|Any CPU
		{091F9829-4AE5-4511-AF1E-19D9E98A89AB}.Debug|Any CPU.ActiveCfg = Debug|Any CPU
		{091F9829-4AE5-4511-AF1E-19D9E98A89AB}.Debug|Any CPU.Build.0 = Debug|Any CPU
		{091F9829-4AE5-4511-AF1E-19D9E98A89AB}.Release|Any CPU.ActiveCfg = Release|Any CPU
		{091F9829-4AE5-4511-AF1E-19D9E98A89AB}.Release|Any CPU.Build.0 = Release|Any CPU
		{B676BB28-7068-4D9F-B9AB-BC26938F45E7}.Debug|Any CPU.ActiveCfg = Debug|Any CPU
		{B676BB28-7068-4D9F-B9AB-BC26938F45E7}.Debug|Any CPU.Build.0 = Debug|Any CPU
		{B676BB28-7068-4D9F-B9AB-BC26938F45E7}.Release|Any CPU.ActiveCfg = Release|Any CPU
		{B676BB28-7068-4D9F-B9AB-BC26938F45E7}.Release|Any CPU.Build.0 = Release|Any CPU
		{26AE1E33-22B9-4FCC-8C79-7FCE01033442}.Debug|Any CPU.ActiveCfg = Debug|Any CPU
		{26AE1E33-22B9-4FCC-8C79-7FCE01033442}.Debug|Any CPU.Build.0 = Debug|Any CPU
		{26AE1E33-22B9-4FCC-8C79-7FCE01033442}.Release|Any CPU.ActiveCfg = Release|Any CPU
		{26AE1E33-22B9-4FCC-8C79-7FCE01033442}.Release|Any CPU.Build.0 = Release|Any CPU
		{9E65FEA3-D7D2-42A1-A985-F244C230660F}.Debug|Any CPU.ActiveCfg = Debug|Any CPU
		{9E65FEA3-D7D2-42A1-A985-F244C230660F}.Debug|Any CPU.Build.0 = Debug|Any CPU
		{9E65FEA3-D7D2-42A1-A985-F244C230660F}.Release|Any CPU.ActiveCfg = Release|Any CPU
		{9E65FEA3-D7D2-42A1-A985-F244C230660F}.Release|Any CPU.Build.0 = Release|Any CPU
		{4C93689E-9A28-4DBA-B7F1-A19BA665F14C}.Debug|Any CPU.ActiveCfg = Debug|Any CPU
		{4C93689E-9A28-4DBA-B7F1-A19BA665F14C}.Debug|Any CPU.Build.0 = Debug|Any CPU
		{4C93689E-9A28-4DBA-B7F1-A19BA665F14C}.Release|Any CPU.ActiveCfg = Release|Any CPU
		{4C93689E-9A28-4DBA-B7F1-A19BA665F14C}.Release|Any CPU.Build.0 = Release|Any CPU
		{215362FA-7A00-4283-A55F-DCC2457DF8DD}.Debug|Any CPU.ActiveCfg = Debug|Any CPU
		{215362FA-7A00-4283-A55F-DCC2457DF8DD}.Debug|Any CPU.Build.0 = Debug|Any CPU
		{215362FA-7A00-4283-A55F-DCC2457DF8DD}.Release|Any CPU.ActiveCfg = Release|Any CPU
		{215362FA-7A00-4283-A55F-DCC2457DF8DD}.Release|Any CPU.Build.0 = Release|Any CPU
		{80377786-5777-47EC-B292-7F054FF62A75}.Debug|Any CPU.ActiveCfg = Debug|Any CPU
		{80377786-5777-47EC-B292-7F054FF62A75}.Debug|Any CPU.Build.0 = Debug|Any CPU
		{80377786-5777-47EC-B292-7F054FF62A75}.Release|Any CPU.ActiveCfg = Release|Any CPU
		{80377786-5777-47EC-B292-7F054FF62A75}.Release|Any CPU.Build.0 = Release|Any CPU
		{E4209239-8814-438E-A425-EC0E3CCBD885}.Debug|Any CPU.ActiveCfg = Debug|Any CPU
		{E4209239-8814-438E-A425-EC0E3CCBD885}.Debug|Any CPU.Build.0 = Debug|Any CPU
		{E4209239-8814-438E-A425-EC0E3CCBD885}.Release|Any CPU.ActiveCfg = Release|Any CPU
		{E4209239-8814-438E-A425-EC0E3CCBD885}.Release|Any CPU.Build.0 = Release|Any CPU
		{7C0E492F-0483-4C7F-A6B6-69D58DD6884B}.Debug|Any CPU.ActiveCfg = Debug|Any CPU
		{7C0E492F-0483-4C7F-A6B6-69D58DD6884B}.Debug|Any CPU.Build.0 = Debug|Any CPU
		{7C0E492F-0483-4C7F-A6B6-69D58DD6884B}.Release|Any CPU.ActiveCfg = Release|Any CPU
		{7C0E492F-0483-4C7F-A6B6-69D58DD6884B}.Release|Any CPU.Build.0 = Release|Any CPU
		{7DF01D06-A733-42B4-8ADF-CD338B0CB658}.Debug|Any CPU.ActiveCfg = Debug|Any CPU
		{7DF01D06-A733-42B4-8ADF-CD338B0CB658}.Debug|Any CPU.Build.0 = Debug|Any CPU
		{7DF01D06-A733-42B4-8ADF-CD338B0CB658}.Release|Any CPU.ActiveCfg = Release|Any CPU
		{7DF01D06-A733-42B4-8ADF-CD338B0CB658}.Release|Any CPU.Build.0 = Release|Any CPU
		{6D997D4E-DEA7-4696-A28B-C02F2BCF846C}.Debug|Any CPU.ActiveCfg = Debug|Any CPU
		{6D997D4E-DEA7-4696-A28B-C02F2BCF846C}.Debug|Any CPU.Build.0 = Debug|Any CPU
		{6D997D4E-DEA7-4696-A28B-C02F2BCF846C}.Release|Any CPU.ActiveCfg = Release|Any CPU
		{6D997D4E-DEA7-4696-A28B-C02F2BCF846C}.Release|Any CPU.Build.0 = Release|Any CPU
		{6EB16BBF-D2EB-4E8F-9C57-AD7FE9DD7E0D}.Debug|Any CPU.ActiveCfg = Debug|Any CPU
		{6EB16BBF-D2EB-4E8F-9C57-AD7FE9DD7E0D}.Debug|Any CPU.Build.0 = Debug|Any CPU
		{6EB16BBF-D2EB-4E8F-9C57-AD7FE9DD7E0D}.Release|Any CPU.ActiveCfg = Release|Any CPU
		{6EB16BBF-D2EB-4E8F-9C57-AD7FE9DD7E0D}.Release|Any CPU.Build.0 = Release|Any CPU
		{090198A6-FACF-4567-BE3F-C05C079897F6}.Debug|Any CPU.ActiveCfg = Debug|Any CPU
		{090198A6-FACF-4567-BE3F-C05C079897F6}.Debug|Any CPU.Build.0 = Debug|Any CPU
		{090198A6-FACF-4567-BE3F-C05C079897F6}.Release|Any CPU.ActiveCfg = Release|Any CPU
		{090198A6-FACF-4567-BE3F-C05C079897F6}.Release|Any CPU.Build.0 = Release|Any CPU
	EndGlobalSection
	GlobalSection(SolutionProperties) = preSolution
		HideSolutionNode = FALSE
	EndGlobalSection
	GlobalSection(ExtensibilityGlobals) = postSolution
		SolutionGuid = {B8214A8E-0C62-4F6C-8FEC-D9BC6A92F5C8}
	EndGlobalSection
EndGlobal
